
Microsoft Visual Studio Solution File, Format Version 12.00
# Visual Studio Version 17
VisualStudioVersion = 17.14.36623.8 d17.14
MinimumVisualStudioVersion = 10.0.40219.1
Project("{FAE04EC0-301F-11D3-BF4B-00C04F79EFBC}") = "CAPA_DOMAIN", "CAPA_DOMAIN\CAPA_DOMAIN.csproj", "{F8D64507-6F54-4661-9B9A-BC5F37236529}"
EndProject
Project("{FAE04EC0-301F-11D3-BF4B-00C04F79EFBC}") = "CAPA_APLICATION", "CAPA_APLICATION\CAPA_APLICATION.csproj", "{CF68EE05-F66F-446D-A735-1230A4C92851}"
EndProject
Project("{FAE04EC0-301F-11D3-BF4B-00C04F79EFBC}") = "CAPA_INFRASTRUTURE", "CAPA_INFRASTRUTURE\CAPA_INFRASTRUTURE.csproj", "{230DE816-856B-4F64-8C8E-2FF9720332D4}"
EndProject
Project("{FAE04EC0-301F-11D3-BF4B-00C04F79EFBC}") = "Presentacion", "Presentacion\Presentacion.csproj", "{DF815B8F-CD15-4C3B-BC85-F3D9F75CDF1A}"
EndProject
Global
	GlobalSection(SolutionConfigurationPlatforms) = preSolution
		Debug|Any CPU = Debug|Any CPU
		Release|Any CPU = Release|Any CPU
	EndGlobalSection
	GlobalSection(ProjectConfigurationPlatforms) = postSolution
		{F8D64507-6F54-4661-9B9A-BC5F37236529}.Debug|Any CPU.ActiveCfg = Debug|Any CPU
		{F8D64507-6F54-4661-9B9A-BC5F37236529}.Debug|Any CPU.Build.0 = Debug|Any CPU
		{F8D64507-6F54-4661-9B9A-BC5F37236529}.Release|Any CPU.ActiveCfg = Release|Any CPU
		{F8D64507-6F54-4661-9B9A-BC5F37236529}.Release|Any CPU.Build.0 = Release|Any CPU
		{CF68EE05-F66F-446D-A735-1230A4C92851}.Debug|Any CPU.ActiveCfg = Debug|Any CPU
		{CF68EE05-F66F-446D-A735-1230A4C92851}.Debug|Any CPU.Build.0 = Debug|Any CPU
		{CF68EE05-F66F-446D-A735-1230A4C92851}.Release|Any CPU.ActiveCfg = Release|Any CPU
		{CF68EE05-F66F-446D-A735-1230A4C92851}.Release|Any CPU.Build.0 = Release|Any CPU
		{230DE816-856B-4F64-8C8E-2FF9720332D4}.Debug|Any CPU.ActiveCfg = Debug|Any CPU
		{230DE816-856B-4F64-8C8E-2FF9720332D4}.Debug|Any CPU.Build.0 = Debug|Any CPU
		{230DE816-856B-4F64-8C8E-2FF9720332D4}.Release|Any CPU.ActiveCfg = Release|Any CPU
		{230DE816-856B-4F64-8C8E-2FF9720332D4}.Release|Any CPU.Build.0 = Release|Any CPU
		{DF815B8F-CD15-4C3B-BC85-F3D9F75CDF1A}.Debug|Any CPU.ActiveCfg = Debug|Any CPU
		{DF815B8F-CD15-4C3B-BC85-F3D9F75CDF1A}.Debug|Any CPU.Build.0 = Debug|Any CPU
		{DF815B8F-CD15-4C3B-BC85-F3D9F75CDF1A}.Release|Any CPU.ActiveCfg = Release|Any CPU
		{DF815B8F-CD15-4C3B-BC85-F3D9F75CDF1A}.Release|Any CPU.Build.0 = Release|Any CPU
	EndGlobalSection
	GlobalSection(SolutionProperties) = preSolution
		HideSolutionNode = FALSE
	EndGlobalSection
	GlobalSection(ExtensibilityGlobals) = postSolution
		SolutionGuid = {8B15904D-8DD6-451B-AA81-ADF6687F9335}
	EndGlobalSection
EndGlobal
